// !$*UTF8*$!
{
	archiveVersion = 1;
	classes = {
	};
	objectVersion = 52;
	objects = {

/* Begin PBXBuildFile section */
		56DA3D6A24122E8C00596284 /* AppDelegate.swift in Sources */ = {isa = PBXBuildFile; fileRef = 56DA3D6924122E8C00596284 /* AppDelegate.swift */; };
		56DA3D6C24122E8C00596284 /* SceneDelegate.swift in Sources */ = {isa = PBXBuildFile; fileRef = 56DA3D6B24122E8C00596284 /* SceneDelegate.swift */; };
		56DA3D6E24122E8C00596284 /* ContentView.swift in Sources */ = {isa = PBXBuildFile; fileRef = 56DA3D6D24122E8C00596284 /* ContentView.swift */; };
		56DA3D7024122E8E00596284 /* Assets.xcassets in Resources */ = {isa = PBXBuildFile; fileRef = 56DA3D6F24122E8E00596284 /* Assets.xcassets */; };
		56DA3D7324122E8E00596284 /* Preview Assets.xcassets in Resources */ = {isa = PBXBuildFile; fileRef = 56DA3D7224122E8E00596284 /* Preview Assets.xcassets */; };
		56DA3D7624122E8E00596284 /* LaunchScreen.storyboard in Resources */ = {isa = PBXBuildFile; fileRef = 56DA3D7424122E8E00596284 /* LaunchScreen.storyboard */; };
		56DA3D8124122E8E00596284 /* CoVTests.swift in Sources */ = {isa = PBXBuildFile; fileRef = 56DA3D8024122E8E00596284 /* CoVTests.swift */; };
		56DA3D8C24122E8E00596284 /* CoVUITests.swift in Sources */ = {isa = PBXBuildFile; fileRef = 56DA3D8B24122E8E00596284 /* CoVUITests.swift */; };
		56DA3D9B24122EEA00596284 /* SwiftyJSON in Frameworks */ = {isa = PBXBuildFile; productRef = 56DA3D9A24122EEA00596284 /* SwiftyJSON */; };
		56DA3D9E24122F4400596284 /* SDWebImageSwiftUI in Frameworks */ = {isa = PBXBuildFile; productRef = 56DA3D9D24122F4400596284 /* SDWebImageSwiftUI */; };
/* End PBXBuildFile section */

/* Begin PBXContainerItemProxy section */
		56DA3D7D24122E8E00596284 /* PBXContainerItemProxy */ = {
			isa = PBXContainerItemProxy;
			containerPortal = 56DA3D5E24122E8C00596284 /* Project object */;
			proxyType = 1;
			remoteGlobalIDString = 56DA3D6524122E8C00596284;
			remoteInfo = CoV;
		};
		56DA3D8824122E8E00596284 /* PBXContainerItemProxy */ = {
			isa = PBXContainerItemProxy;
			containerPortal = 56DA3D5E24122E8C00596284 /* Project object */;
			proxyType = 1;
			remoteGlobalIDString = 56DA3D6524122E8C00596284;
			remoteInfo = CoV;
		};
/* End PBXContainerItemProxy section */

/* Begin PBXFileReference section */
		56DA3D6624122E8C00596284 /* CoV.app */ = {isa = PBXFileReference; explicitFileType = wrapper.application; includeInIndex = 0; path = CoV.app; sourceTree = BUILT_PRODUCTS_DIR; };
		56DA3D6924122E8C00596284 /* AppDelegate.swift */ = {isa = PBXFileReference; lastKnownFileType = sourcecode.swift; path = AppDelegate.swift; sourceTree = "<group>"; };
		56DA3D6B24122E8C00596284 /* SceneDelegate.swift */ = {isa = PBXFileReference; lastKnownFileType = sourcecode.swift; path = SceneDelegate.swift; sourceTree = "<group>"; };
		56DA3D6D24122E8C00596284 /* ContentView.swift */ = {isa = PBXFileReference; lastKnownFileType = sourcecode.swift; path = ContentView.swift; sourceTree = "<group>"; };
		56DA3D6F24122E8E00596284 /* Assets.xcassets */ = {isa = PBXFileReference; lastKnownFileType = folder.assetcatalog; path = Assets.xcassets; sourceTree = "<group>"; };
		56DA3D7224122E8E00596284 /* Preview Assets.xcassets */ = {isa = PBXFileReference; lastKnownFileType = folder.assetcatalog; path = "Preview Assets.xcassets"; sourceTree = "<group>"; };
		56DA3D7524122E8E00596284 /* Base */ = {isa = PBXFileReference; lastKnownFileType = file.storyboard; name = Base; path = Base.lproj/LaunchScreen.storyboard; sourceTree = "<group>"; };
		56DA3D7724122E8E00596284 /* Info.plist */ = {isa = PBXFileReference; lastKnownFileType = text.plist.xml; path = Info.plist; sourceTree = "<group>"; };
		56DA3D7C24122E8E00596284 /* CoVTests.xctest */ = {isa = PBXFileReference; explicitFileType = wrapper.cfbundle; includeInIndex = 0; path = CoVTests.xctest; sourceTree = BUILT_PRODUCTS_DIR; };
		56DA3D8024122E8E00596284 /* CoVTests.swift */ = {isa = PBXFileReference; lastKnownFileType = sourcecode.swift; path = CoVTests.swift; sourceTree = "<group>"; };
		56DA3D8224122E8E00596284 /* Info.plist */ = {isa = PBXFileReference; lastKnownFileType = text.plist.xml; path = Info.plist; sourceTree = "<group>"; };
		56DA3D8724122E8E00596284 /* CoVUITests.xctest */ = {isa = PBXFileReference; explicitFileType = wrapper.cfbundle; includeInIndex = 0; path = CoVUITests.xctest; sourceTree = BUILT_PRODUCTS_DIR; };
		56DA3D8B24122E8E00596284 /* CoVUITests.swift */ = {isa = PBXFileReference; lastKnownFileType = sourcecode.swift; path = CoVUITests.swift; sourceTree = "<group>"; };
		56DA3D8D24122E8E00596284 /* Info.plist */ = {isa = PBXFileReference; lastKnownFileType = text.plist.xml; path = Info.plist; sourceTree = "<group>"; };
/* End PBXFileReference section */

/* Begin PBXFrameworksBuildPhase section */
		56DA3D6324122E8C00596284 /* Frameworks */ = {
			isa = PBXFrameworksBuildPhase;
			buildActionMask = 2147483647;
			files = (
				56DA3D9E24122F4400596284 /* SDWebImageSwiftUI in Frameworks */,
				56DA3D9B24122EEA00596284 /* SwiftyJSON in Frameworks */,
			);
			runOnlyForDeploymentPostprocessing = 0;
		};
		56DA3D7924122E8E00596284 /* Frameworks */ = {
			isa = PBXFrameworksBuildPhase;
			buildActionMask = 2147483647;
			files = (
			);
			runOnlyForDeploymentPostprocessing = 0;
		};
		56DA3D8424122E8E00596284 /* Frameworks */ = {
			isa = PBXFrameworksBuildPhase;
			buildActionMask = 2147483647;
			files = (
			);
			runOnlyForDeploymentPostprocessing = 0;
		};
/* End PBXFrameworksBuildPhase section */

/* Begin PBXGroup section */
		56DA3D5D24122E8C00596284 = {
			isa = PBXGroup;
			children = (
				56DA3D6824122E8C00596284 /* CoV */,
				56DA3D7F24122E8E00596284 /* CoVTests */,
				56DA3D8A24122E8E00596284 /* CoVUITests */,
				56DA3D6724122E8C00596284 /* Products */,
			);
			sourceTree = "<group>";
		};
		56DA3D6724122E8C00596284 /* Products */ = {
			isa = PBXGroup;
			children = (
				56DA3D6624122E8C00596284 /* CoV.app */,
				56DA3D7C24122E8E00596284 /* CoVTests.xctest */,
				56DA3D8724122E8E00596284 /* CoVUITests.xctest */,
			);
			name = Products;
			sourceTree = "<group>";
		};
		56DA3D6824122E8C00596284 /* CoV */ = {
			isa = PBXGroup;
			children = (
				56DA3D6924122E8C00596284 /* AppDelegate.swift */,
				56DA3D6B24122E8C00596284 /* SceneDelegate.swift */,
				56DA3D6D24122E8C00596284 /* ContentView.swift */,
				56DA3D6F24122E8E00596284 /* Assets.xcassets */,
				56DA3D7424122E8E00596284 /* LaunchScreen.storyboard */,
				56DA3D7724122E8E00596284 /* Info.plist */,
				56DA3D7124122E8E00596284 /* Preview Content */,
			);
			path = CoV;
			sourceTree = "<group>";
		};
		56DA3D7124122E8E00596284 /* Preview Content */ = {
			isa = PBXGroup;
			children = (
				56DA3D7224122E8E00596284 /* Preview Assets.xcassets */,
			);
			path = "Preview Content";
			sourceTree = "<group>";
		};
		56DA3D7F24122E8E00596284 /* CoVTests */ = {
			isa = PBXGroup;
			children = (
				56DA3D8024122E8E00596284 /* CoVTests.swift */,
				56DA3D8224122E8E00596284 /* Info.plist */,
			);
			path = CoVTests;
			sourceTree = "<group>";
		};
		56DA3D8A24122E8E00596284 /* CoVUITests */ = {
			isa = PBXGroup;
			children = (
				56DA3D8B24122E8E00596284 /* CoVUITests.swift */,
				56DA3D8D24122E8E00596284 /* Info.plist */,
			);
			path = CoVUITests;
			sourceTree = "<group>";
		};
/* End PBXGroup section */

/* Begin PBXNativeTarget section */
		56DA3D6524122E8C00596284 /* CoV */ = {
			isa = PBXNativeTarget;
			buildConfigurationList = 56DA3D9024122E8E00596284 /* Build configuration list for PBXNativeTarget "CoV" */;
			buildPhases = (
				56DA3D6224122E8C00596284 /* Sources */,
				56DA3D6324122E8C00596284 /* Frameworks */,
				56DA3D6424122E8C00596284 /* Resources */,
			);
			buildRules = (
			);
			dependencies = (
			);
			name = CoV;
			packageProductDependencies = (
				56DA3D9A24122EEA00596284 /* SwiftyJSON */,
				56DA3D9D24122F4400596284 /* SDWebImageSwiftUI */,
			);
			productName = CoV;
			productReference = 56DA3D6624122E8C00596284 /* CoV.app */;
			productType = "com.apple.product-type.application";
		};
		56DA3D7B24122E8E00596284 /* CoVTests */ = {
			isa = PBXNativeTarget;
			buildConfigurationList = 56DA3D9324122E8E00596284 /* Build configuration list for PBXNativeTarget "CoVTests" */;
			buildPhases = (
				56DA3D7824122E8E00596284 /* Sources */,
				56DA3D7924122E8E00596284 /* Frameworks */,
				56DA3D7A24122E8E00596284 /* Resources */,
			);
			buildRules = (
			);
			dependencies = (
				56DA3D7E24122E8E00596284 /* PBXTargetDependency */,
			);
			name = CoVTests;
			productName = CoVTests;
			productReference = 56DA3D7C24122E8E00596284 /* CoVTests.xctest */;
			productType = "com.apple.product-type.bundle.unit-test";
		};
		56DA3D8624122E8E00596284 /* CoVUITests */ = {
			isa = PBXNativeTarget;
			buildConfigurationList = 56DA3D9624122E8E00596284 /* Build configuration list for PBXNativeTarget "CoVUITests" */;
			buildPhases = (
				56DA3D8324122E8E00596284 /* Sources */,
				56DA3D8424122E8E00596284 /* Frameworks */,
				56DA3D8524122E8E00596284 /* Resources */,
			);
			buildRules = (
			);
			dependencies = (
				56DA3D8924122E8E00596284 /* PBXTargetDependency */,
			);
			name = CoVUITests;
			productName = CoVUITests;
			productReference = 56DA3D8724122E8E00596284 /* CoVUITests.xctest */;
			productType = "com.apple.product-type.bundle.ui-testing";
		};
/* End PBXNativeTarget section */

/* Begin PBXProject section */
		56DA3D5E24122E8C00596284 /* Project object */ = {
			isa = PBXProject;
			attributes = {
				LastSwiftUpdateCheck = 1130;
				LastUpgradeCheck = 1130;
				ORGANIZATIONNAME = "Nirvik Basnet";
				TargetAttributes = {
					56DA3D6524122E8C00596284 = {
						CreatedOnToolsVersion = 11.3;
					};
					56DA3D7B24122E8E00596284 = {
						CreatedOnToolsVersion = 11.3;
						TestTargetID = 56DA3D6524122E8C00596284;
					};
					56DA3D8624122E8E00596284 = {
						CreatedOnToolsVersion = 11.3;
						TestTargetID = 56DA3D6524122E8C00596284;
					};
				};
			};
			buildConfigurationList = 56DA3D6124122E8C00596284 /* Build configuration list for PBXProject "CoV" */;
			compatibilityVersion = "Xcode 9.3";
			developmentRegion = en;
			hasScannedForEncodings = 0;
			knownRegions = (
				en,
				Base,
			);
			mainGroup = 56DA3D5D24122E8C00596284;
			packageReferences = (
				56DA3D9924122EEA00596284 /* XCRemoteSwiftPackageReference "SwiftyJSON" */,
				56DA3D9C24122F4400596284 /* XCRemoteSwiftPackageReference "SDWebImageSwiftUI" */,
			);
			productRefGroup = 56DA3D6724122E8C00596284 /* Products */;
			projectDirPath = "";
			projectRoot = "";
			targets = (
				56DA3D6524122E8C00596284 /* CoV */,
				56DA3D7B24122E8E00596284 /* CoVTests */,
				56DA3D8624122E8E00596284 /* CoVUITests */,
			);
		};
/* End PBXProject section */

/* Begin PBXResourcesBuildPhase section */
		56DA3D6424122E8C00596284 /* Resources */ = {
			isa = PBXResourcesBuildPhase;
			buildActionMask = 2147483647;
			files = (
				56DA3D7624122E8E00596284 /* LaunchScreen.storyboard in Resources */,
				56DA3D7324122E8E00596284 /* Preview Assets.xcassets in Resources */,
				56DA3D7024122E8E00596284 /* Assets.xcassets in Resources */,
			);
			runOnlyForDeploymentPostprocessing = 0;
		};
		56DA3D7A24122E8E00596284 /* Resources */ = {
			isa = PBXResourcesBuildPhase;
			buildActionMask = 2147483647;
			files = (
			);
			runOnlyForDeploymentPostprocessing = 0;
		};
		56DA3D8524122E8E00596284 /* Resources */ = {
			isa = PBXResourcesBuildPhase;
			buildActionMask = 2147483647;
			files = (
			);
			runOnlyForDeploymentPostprocessing = 0;
		};
/* End PBXResourcesBuildPhase section */

/* Begin PBXSourcesBuildPhase section */
		56DA3D6224122E8C00596284 /* Sources */ = {
			isa = PBXSourcesBuildPhase;
			buildActionMask = 2147483647;
			files = (
				56DA3D6A24122E8C00596284 /* AppDelegate.swift in Sources */,
				56DA3D6C24122E8C00596284 /* SceneDelegate.swift in Sources */,
				56DA3D6E24122E8C00596284 /* ContentView.swift in Sources */,
			);
			runOnlyForDeploymentPostprocessing = 0;
		};
		56DA3D7824122E8E00596284 /* Sources */ = {
			isa = PBXSourcesBuildPhase;
			buildActionMask = 2147483647;
			files = (
				56DA3D8124122E8E00596284 /* CoVTests.swift in Sources */,
			);
			runOnlyForDeploymentPostprocessing = 0;
		};
		56DA3D8324122E8E00596284 /* Sources */ = {
			isa = PBXSourcesBuildPhase;
			buildActionMask = 2147483647;
			files = (
				56DA3D8C24122E8E00596284 /* CoVUITests.swift in Sources */,
			);
			runOnlyForDeploymentPostprocessing = 0;
		};
/* End PBXSourcesBuildPhase section */

/* Begin PBXTargetDependency section */
		56DA3D7E24122E8E00596284 /* PBXTargetDependency */ = {
			isa = PBXTargetDependency;
			target = 56DA3D6524122E8C00596284 /* CoV */;
			targetProxy = 56DA3D7D24122E8E00596284 /* PBXContainerItemProxy */;
		};
		56DA3D8924122E8E00596284 /* PBXTargetDependency */ = {
			isa = PBXTargetDependency;
			target = 56DA3D6524122E8C00596284 /* CoV */;
			targetProxy = 56DA3D8824122E8E00596284 /* PBXContainerItemProxy */;
		};
/* End PBXTargetDependency section */

/* Begin PBXVariantGroup section */
		56DA3D7424122E8E00596284 /* LaunchScreen.storyboard */ = {
			isa = PBXVariantGroup;
			children = (
				56DA3D7524122E8E00596284 /* Base */,
			);
			name = LaunchScreen.storyboard;
			sourceTree = "<group>";
		};
/* End PBXVariantGroup section */

/* Begin XCBuildConfiguration section */
		56DA3D8E24122E8E00596284 /* Debug */ = {
			isa = XCBuildConfiguration;
			buildSettings = {
				ALWAYS_SEARCH_USER_PATHS = NO;
				CLANG_ANALYZER_NONNULL = YES;
				CLANG_ANALYZER_NUMBER_OBJECT_CONVERSION = YES_AGGRESSIVE;
				CLANG_CXX_LANGUAGE_STANDARD = "gnu++14";
				CLANG_CXX_LIBRARY = "libc++";
				CLANG_ENABLE_MODULES = YES;
				CLANG_ENABLE_OBJC_ARC = YES;
				CLANG_ENABLE_OBJC_WEAK = YES;
				CLANG_WARN_BLOCK_CAPTURE_AUTORELEASING = YES;
				CLANG_WARN_BOOL_CONVERSION = YES;
				CLANG_WARN_COMMA = YES;
				CLANG_WARN_CONSTANT_CONVERSION = YES;
				CLANG_WARN_DEPRECATED_OBJC_IMPLEMENTATIONS = YES;
				CLANG_WARN_DIRECT_OBJC_ISA_USAGE = YES_ERROR;
				CLANG_WARN_DOCUMENTATION_COMMENTS = YES;
				CLANG_WARN_EMPTY_BODY = YES;
				CLANG_WARN_ENUM_CONVERSION = YES;
				CLANG_WARN_INFINITE_RECURSION = YES;
				CLANG_WARN_INT_CONVERSION = YES;
				CLANG_WARN_NON_LITERAL_NULL_CONVERSION = YES;
				CLANG_WARN_OBJC_IMPLICIT_RETAIN_SELF = YES;
				CLANG_WARN_OBJC_LITERAL_CONVERSION = YES;
				CLANG_WARN_OBJC_ROOT_CLASS = YES_ERROR;
				CLANG_WARN_RANGE_LOOP_ANALYSIS = YES;
				CLANG_WARN_STRICT_PROTOTYPES = YES;
				CLANG_WARN_SUSPICIOUS_MOVE = YES;
				CLANG_WARN_UNGUARDED_AVAILABILITY = YES_AGGRESSIVE;
				CLANG_WARN_UNREACHABLE_CODE = YES;
				CLANG_WARN__DUPLICATE_METHOD_MATCH = YES;
				COPY_PHASE_STRIP = NO;
				DEBUG_INFORMATION_FORMAT = dwarf;
				ENABLE_STRICT_OBJC_MSGSEND = YES;
				ENABLE_TESTABILITY = YES;
				GCC_C_LANGUAGE_STANDARD = gnu11;
				GCC_DYNAMIC_NO_PIC = NO;
				GCC_NO_COMMON_BLOCKS = YES;
				GCC_OPTIMIZATION_LEVEL = 0;
				GCC_PREPROCESSOR_DEFINITIONS = (
					"DEBUG=1",
					"$(inherited)",
				);
				GCC_WARN_64_TO_32_BIT_CONVERSION = YES;
				GCC_WARN_ABOUT_RETURN_TYPE = YES_ERROR;
				GCC_WARN_UNDECLARED_SELECTOR = YES;
				GCC_WARN_UNINITIALIZED_AUTOS = YES_AGGRESSIVE;
				GCC_WARN_UNUSED_FUNCTION = YES;
				GCC_WARN_UNUSED_VARIABLE = YES;
				IPHONEOS_DEPLOYMENT_TARGET = 13.2;
				MTL_ENABLE_DEBUG_INFO = INCLUDE_SOURCE;
				MTL_FAST_MATH = YES;
				ONLY_ACTIVE_ARCH = YES;
				SDKROOT = iphoneos;
				SWIFT_ACTIVE_COMPILATION_CONDITIONS = DEBUG;
				SWIFT_OPTIMIZATION_LEVEL = "-Onone";
			};
			name = Debug;
		};
		56DA3D8F24122E8E00596284 /* Release */ = {
			isa = XCBuildConfiguration;
			buildSettings = {
				ALWAYS_SEARCH_USER_PATHS = NO;
				CLANG_ANALYZER_NONNULL = YES;
				CLANG_ANALYZER_NUMBER_OBJECT_CONVERSION = YES_AGGRESSIVE;
				CLANG_CXX_LANGUAGE_STANDARD = "gnu++14";
				CLANG_CXX_LIBRARY = "libc++";
				CLANG_ENABLE_MODULES = YES;
				CLANG_ENABLE_OBJC_ARC = YES;
				CLANG_ENABLE_OBJC_WEAK = YES;
				CLANG_WARN_BLOCK_CAPTURE_AUTORELEASING = YES;
				CLANG_WARN_BOOL_CONVERSION = YES;
				CLANG_WARN_COMMA = YES;
				CLANG_WARN_CONSTANT_CONVERSION = YES;
				CLANG_WARN_DEPRECATED_OBJC_IMPLEMENTATIONS = YES;
				CLANG_WARN_DIRECT_OBJC_ISA_USAGE = YES_ERROR;
				CLANG_WARN_DOCUMENTATION_COMMENTS = YES;
				CLANG_WARN_EMPTY_BODY = YES;
				CLANG_WARN_ENUM_CONVERSION = YES;
				CLANG_WARN_INFINITE_RECURSION = YES;
				CLANG_WARN_INT_CONVERSION = YES;
				CLANG_WARN_NON_LITERAL_NULL_CONVERSION = YES;
				CLANG_WARN_OBJC_IMPLICIT_RETAIN_SELF = YES;
				CLANG_WARN_OBJC_LITERAL_CONVERSION = YES;
				CLANG_WARN_OBJC_ROOT_CLASS = YES_ERROR;
				CLANG_WARN_RANGE_LOOP_ANALYSIS = YES;
				CLANG_WARN_STRICT_PROTOTYPES = YES;
				CLANG_WARN_SUSPICIOUS_MOVE = YES;
				CLANG_WARN_UNGUARDED_AVAILABILITY = YES_AGGRESSIVE;
				CLANG_WARN_UNREACHABLE_CODE = YES;
				CLANG_WARN__DUPLICATE_METHOD_MATCH = YES;
				COPY_PHASE_STRIP = NO;
				DEBUG_INFORMATION_FORMAT = "dwarf-with-dsym";
				ENABLE_NS_ASSERTIONS = NO;
				ENABLE_STRICT_OBJC_MSGSEND = YES;
				GCC_C_LANGUAGE_STANDARD = gnu11;
				GCC_NO_COMMON_BLOCKS = YES;
				GCC_WARN_64_TO_32_BIT_CONVERSION = YES;
				GCC_WARN_ABOUT_RETURN_TYPE = YES_ERROR;
				GCC_WARN_UNDECLARED_SELECTOR = YES;
				GCC_WARN_UNINITIALIZED_AUTOS = YES_AGGRESSIVE;
				GCC_WARN_UNUSED_FUNCTION = YES;
				GCC_WARN_UNUSED_VARIABLE = YES;
				IPHONEOS_DEPLOYMENT_TARGET = 13.2;
				MTL_ENABLE_DEBUG_INFO = NO;
				MTL_FAST_MATH = YES;
				SDKROOT = iphoneos;
				SWIFT_COMPILATION_MODE = wholemodule;
				SWIFT_OPTIMIZATION_LEVEL = "-O";
				VALIDATE_PRODUCT = YES;
			};
			name = Release;
		};
		56DA3D9124122E8E00596284 /* Debug */ = {
			isa = XCBuildConfiguration;
			buildSettings = {
				ASSETCATALOG_COMPILER_APPICON_NAME = AppIcon;
				CODE_SIGN_STYLE = Automatic;
				DEVELOPMENT_ASSET_PATHS = "\"CoV/Preview Content\"";
				ENABLE_PREVIEWS = YES;
				INFOPLIST_FILE = CoV/Info.plist;
				LD_RUNPATH_SEARCH_PATHS = (
					"$(inherited)",
					"@executable_path/Frameworks",
				);
				PRODUCT_BUNDLE_IDENTIFIER = nirvik.CoV;
				PRODUCT_NAME = "$(TARGET_NAME)";
				SWIFT_VERSION = 5.0;
				TARGETED_DEVICE_FAMILY = "1,2";
			};
			name = Debug;
		};
		56DA3D9224122E8E00596284 /* Release */ = {
			isa = XCBuildConfiguration;
			buildSettings = {
				ASSETCATALOG_COMPILER_APPICON_NAME = AppIcon;
				CODE_SIGN_STYLE = Automatic;
				DEVELOPMENT_ASSET_PATHS = "\"CoV/Preview Content\"";
				ENABLE_PREVIEWS = YES;
				INFOPLIST_FILE = CoV/Info.plist;
				LD_RUNPATH_SEARCH_PATHS = (
					"$(inherited)",
					"@executable_path/Frameworks",
				);
				PRODUCT_BUNDLE_IDENTIFIER = nirvik.CoV;
				PRODUCT_NAME = "$(TARGET_NAME)";
				SWIFT_VERSION = 5.0;
				TARGETED_DEVICE_FAMILY = "1,2";
			};
			name = Release;
		};
		56DA3D9424122E8E00596284 /* Debug */ = {
			isa = XCBuildConfiguration;
			buildSettings = {
				ALWAYS_EMBED_SWIFT_STANDARD_LIBRARIES = YES;
				BUNDLE_LOADER = "$(TEST_HOST)";
				CODE_SIGN_STYLE = Automatic;
				INFOPLIST_FILE = CoVTests/Info.plist;
				IPHONEOS_DEPLOYMENT_TARGET = 13.2;
				LD_RUNPATH_SEARCH_PATHS = (
					"$(inherited)",
					"@executable_path/Frameworks",
					"@loader_path/Frameworks",
				);
				PRODUCT_BUNDLE_IDENTIFIER = nirvik.CoVTests;
				PRODUCT_NAME = "$(TARGET_NAME)";
				SWIFT_VERSION = 5.0;
				TARGETED_DEVICE_FAMILY = "1,2";
				TEST_HOST = "$(BUILT_PRODUCTS_DIR)/CoV.app/CoV";
			};
			name = Debug;
		};
		56DA3D9524122E8E00596284 /* Release */ = {
			isa = XCBuildConfiguration;
			buildSettings = {
				ALWAYS_EMBED_SWIFT_STANDARD_LIBRARIES = YES;
				BUNDLE_LOADER = "$(TEST_HOST)";
				CODE_SIGN_STYLE = Automatic;
				INFOPLIST_FILE = CoVTests/Info.plist;
				IPHONEOS_DEPLOYMENT_TARGET = 13.2;
				LD_RUNPATH_SEARCH_PATHS = (
					"$(inherited)",
					"@executable_path/Frameworks",
					"@loader_path/Frameworks",
				);
				PRODUCT_BUNDLE_IDENTIFIER = nirvik.CoVTests;
				PRODUCT_NAME = "$(TARGET_NAME)";
				SWIFT_VERSION = 5.0;
				TARGETED_DEVICE_FAMILY = "1,2";
				TEST_HOST = "$(BUILT_PRODUCTS_DIR)/CoV.app/CoV";
			};
			name = Release;
		};
		56DA3D9724122E8E00596284 /* Debug */ = {
			isa = XCBuildConfiguration;
			buildSettings = {
				ALWAYS_EMBED_SWIFT_STANDARD_LIBRARIES = YES;
				CODE_SIGN_STYLE = Automatic;
				INFOPLIST_FILE = CoVUITests/Info.plist;
				LD_RUNPATH_SEARCH_PATHS = (
					"$(inherited)",
					"@executable_path/Frameworks",
					"@loader_path/Frameworks",
				);
				PRODUCT_BUNDLE_IDENTIFIER = nirvik.CoVUITests;
				PRODUCT_NAME = "$(TARGET_NAME)";
				SWIFT_VERSION = 5.0;
				TARGETED_DEVICE_FAMILY = "1,2";
				TEST_TARGET_NAME = CoV;
			};
			name = Debug;
		};
		56DA3D9824122E8E00596284 /* Release */ = {
			isa = XCBuildConfiguration;
			buildSettings = {
				ALWAYS_EMBED_SWIFT_STANDARD_LIBRARIES = YES;
				CODE_SIGN_STYLE = Automatic;
				INFOPLIST_FILE = CoVUITests/Info.plist;
				LD_RUNPATH_SEARCH_PATHS = (
					"$(inherited)",
					"@executable_path/Frameworks",
					"@loader_path/Frameworks",
				);
				PRODUCT_BUNDLE_IDENTIFIER = nirvik.CoVUITests;
				PRODUCT_NAME = "$(TARGET_NAME)";
				SWIFT_VERSION = 5.0;
				TARGETED_DEVICE_FAMILY = "1,2";
				TEST_TARGET_NAME = CoV;
			};
			name = Release;
		};
/* End XCBuildConfiguration section */

/* Begin XCConfigurationList section */
		56DA3D6124122E8C00596284 /* Build configuration list for PBXProject "CoV" */ = {
			isa = XCConfigurationList;
			buildConfigurations = (
				56DA3D8E24122E8E00596284 /* Debug */,
				56DA3D8F24122E8E00596284 /* Release */,
			);
			defaultConfigurationIsVisible = 0;
			defaultConfigurationName = Release;
		};
		56DA3D9024122E8E00596284 /* Build configuration list for PBXNativeTarget "CoV" */ = {
			isa = XCConfigurationList;
			buildConfigurations = (
				56DA3D9124122E8E00596284 /* Debug */,
				56DA3D9224122E8E00596284 /* Release */,
			);
			defaultConfigurationIsVisible = 0;
			defaultConfigurationName = Release;
		};
		56DA3D9324122E8E00596284 /* Build configuration list for PBXNativeTarget "CoVTests" */ = {
			isa = XCConfigurationList;
			buildConfigurations = (
				56DA3D9424122E8E00596284 /* Debug */,
				56DA3D9524122E8E00596284 /* Release */,
			);
			defaultConfigurationIsVisible = 0;
			defaultConfigurationName = Release;
		};
		56DA3D9624122E8E00596284 /* Build configuration list for PBXNativeTarget "CoVUITests" */ = {
			isa = XCConfigurationList;
			buildConfigurations = (
				56DA3D9724122E8E00596284 /* Debug */,
				56DA3D9824122E8E00596284 /* Release */,
			);
			defaultConfigurationIsVisible = 0;
			defaultConfigurationName = Release;
		};
/* End XCConfigurationList section */

/* Begin XCRemoteSwiftPackageReference section */
		56DA3D9924122EEA00596284 /* XCRemoteSwiftPackageReference "SwiftyJSON" */ = {
			isa = XCRemoteSwiftPackageReference;
			repositoryURL = "https://github.com/SwiftyJSON/SwiftyJSON";
			requirement = {
				kind = upToNextMajorVersion;
				minimumVersion = 5.0.0;
			};
		};
		56DA3D9C24122F4400596284 /* XCRemoteSwiftPackageReference "SDWebImageSwiftUI" */ = {
			isa = XCRemoteSwiftPackageReference;
			repositoryURL = "https://github.com/SDWebImage/SDWebImageSwiftUI";
			requirement = {
				kind = upToNextMajorVersion;
				minimumVersion = 1.0.0;
			};
		};
/* End XCRemoteSwiftPackageReference section */

/* Begin XCSwiftPackageProductDependency section */
		56DA3D9A24122EEA00596284 /* SwiftyJSON */ = {
			isa = XCSwiftPackageProductDependency;
			package = 56DA3D9924122EEA00596284 /* XCRemoteSwiftPackageReference "SwiftyJSON" */;
			productName = SwiftyJSON;
		};
		56DA3D9D24122F4400596284 /* SDWebImageSwiftUI */ = {
			isa = XCSwiftPackageProductDependency;
			package = 56DA3D9C24122F4400596284 /* XCRemoteSwiftPackageReference "SDWebImageSwiftUI" */;
			productName = SDWebImageSwiftUI;
		};
/* End XCSwiftPackageProductDependency section */
	};
	rootObject = 56DA3D5E24122E8C00596284 /* Project object */;
}
